
Microsoft Visual Studio Solution File, Format Version 12.00
Project("{FAE04EC0-301F-11D3-BF4B-00C04F79EFBC}") = "Parcorpus.API", "Parcorpus.API\Parcorpus.API\Parcorpus.API.csproj", "{6EF4D583-6A59-416B-97D2-3F0EA0419EC6}"
EndProject
Project("{FAE04EC0-301F-11D3-BF4B-00C04F79EFBC}") = "Parcorpus.DataAccess.Repositories", "Parcorpus.DataAccess\Parcorpus.DataAccess.Repositories\Parcorpus.DataAccess.Repositories.csproj", "{8980427F-40A6-4CE0-AE1C-FB95E32B3DFA}"
EndProject
Project("{FAE04EC0-301F-11D3-BF4B-00C04F79EFBC}") = "Parcorpus.Services.LanguageService", "Parcorpus.Services\Parcorpus.Services.LanguageService\Parcorpus.Services.LanguageService.csproj", "{05BBEF92-BA04-4B2B-97A3-88B17F3C63CB}"
EndProject
Project("{FAE04EC0-301F-11D3-BF4B-00C04F79EFBC}") = "Parcorpus.Services.AuthService", "Parcorpus.Services\Parcorpus.Services.AuthService\Parcorpus.Services.AuthService.csproj", "{FC447925-6C8C-4DE1-B2F5-D6F2AF421166}"
EndProject
Project("{FAE04EC0-301F-11D3-BF4B-00C04F79EFBC}") = "Parcorpus.API.Converters", "Parcorpus.API\Parcorpus.API.Converters\Parcorpus.API.Converters.csproj", "{134409BE-99C2-4A55-9E9F-B84FD9BF1489}"
EndProject
Project("{FAE04EC0-301F-11D3-BF4B-00C04F79EFBC}") = "Parcorpus.Services.AnnotationService", "Parcorpus.Services\Parcorpus.Services.AnnotationService\Parcorpus.Services.AnnotationService.csproj", "{212E43C5-AE95-44AF-90B1-4CA1AB13CDFC}"
EndProject
Project("{FAE04EC0-301F-11D3-BF4B-00C04F79EFBC}") = "Parcorpus.Tests.UnitTests", "Parcorpus.Tests\Parcorpus.Tests.UnitTests\Parcorpus.Tests.UnitTests.csproj", "{47D47BAF-AC0A-415D-AC80-5E2ACFCDA896}"
EndProject
Project("{FAE04EC0-301F-11D3-BF4B-00C04F79EFBC}") = "Parcorpus.Tests.IntegrationTests", "Parcorpus.Tests\Parcorpus.Tests.IntegrationTests\Parcorpus.Tests.IntegrationTests.csproj", "{2CEBA0B3-EA6E-4BAA-AECF-BB33C0F2C16A}"
EndProject
Project("{FAE04EC0-301F-11D3-BF4B-00C04F79EFBC}") = "Parcorpus.Tests.PerformanceTests", "Parcorpus.Tests\Parcorpus.Tests.PerformanceTests\Parcorpus.Tests.PerformanceTests.csproj", "{5F9DB884-914E-421D-B779-803734E439CC}"
EndProject
Project("{2150E333-8FDC-42A3-9474-1A3956D46DE8}") = "Parcorpus.API", "Parcorpus.API", "{B55C1BC1-757C-40C6-906D-F18AE377A536}"
EndProject
Project("{2150E333-8FDC-42A3-9474-1A3956D46DE8}") = "Parcorpus.Services", "Parcorpus.Services", "{B7D32199-78A6-400A-B009-4081C71F09F1}"
EndProject
Project("{2150E333-8FDC-42A3-9474-1A3956D46DE8}") = "Parcorpus.DataAccess", "Parcorpus.DataAccess", "{B856FD07-000C-4790-A2DD-FB3F60817C33}"
EndProject
Project("{2150E333-8FDC-42A3-9474-1A3956D46DE8}") = "Parcorpus.Core", "Parcorpus.Core", "{43B3F0E8-CFF4-428A-8261-3EF132283D0D}"
EndProject
Project("{2150E333-8FDC-42A3-9474-1A3956D46DE8}") = "Parcorpus.Tests", "Parcorpus.Tests", "{D3AD3074-67F4-4D5A-9928-503F0A9A89B0}"
EndProject
Project("{FAE04EC0-301F-11D3-BF4B-00C04F79EFBC}") = "Parcorpus.API.Controllers", "Parcorpus.API\Parcorpus.API.Controllers\Parcorpus.API.Controllers.csproj", "{1F7A3857-D6EB-47C0-A5AC-B4C84DDD4F8B}"
EndProject
Project("{FAE04EC0-301F-11D3-BF4B-00C04F79EFBC}") = "Parcorpus.Core.Models", "Parcorpus.Core\Parcorpus.Core.Models\Parcorpus.Core.Models.csproj", "{8E5C38C5-2F65-4746-B0FA-37D597D2524E}"
EndProject
Project("{FAE04EC0-301F-11D3-BF4B-00C04F79EFBC}") = "Parcorpus.API.Dto", "Parcorpus.API\Parcorpus.API.Dto\Parcorpus.API.Dto.csproj", "{B5BEFC75-E02D-4EC1-97A5-CAF0A823ED25}"
EndProject
Project("{FAE04EC0-301F-11D3-BF4B-00C04F79EFBC}") = "Parcorpus.Core.Interfaces", "Parcorpus.Core\Parcorpus.Core.Interfaces\Parcorpus.Core.Interfaces.csproj", "{80290EF4-2A9D-4795-871A-323690D973AB}"
EndProject
Project("{FAE04EC0-301F-11D3-BF4B-00C04F79EFBC}") = "Parcorpus.Core.Exceptions", "Parcorpus.Core\Parcorpus.Core.Exceptions\Parcorpus.Core.Exceptions.csproj", "{CA885BD9-ED89-4F71-9C82-83D59639CF3F}"
EndProject
Project("{FAE04EC0-301F-11D3-BF4B-00C04F79EFBC}") = "Parcorpus.Services.Helpers", "Parcorpus.Services\Parcorpus.Services.Helpers\Parcorpus.Services.Helpers.csproj", "{D27A7759-FAB9-4894-85DD-252964CAE798}"
EndProject
Project("{FAE04EC0-301F-11D3-BF4B-00C04F79EFBC}") = "Parcorpus.DataAccess.Models", "Parcorpus.DataAccess\Parcorpus.DataAccess.Models\Parcorpus.DataAccess.Models.csproj", "{7AAADE86-F239-4CD0-AE41-EEB3A92685BA}"
EndProject
Project("{FAE04EC0-301F-11D3-BF4B-00C04F79EFBC}") = "Parcorpus.DataAccess.Context", "Parcorpus.DataAccess\Parcorpus.DataAccess.Context\Parcorpus.DataAccess.Context.csproj", "{EA23E207-E1C6-42D3-959D-AE582F0141B5}"
EndProject
Project("{FAE04EC0-301F-11D3-BF4B-00C04F79EFBC}") = "Parcorpus.DataAccess.Converters", "Parcorpus.DataAccess\Parcorpus.DataAccess.Converters\Parcorpus.DataAccess.Converters.csproj", "{CF045872-FC78-4D7E-91BC-0C468FA69EA5}"
EndProject
Project("{FAE04EC0-301F-11D3-BF4B-00C04F79EFBC}") = "Parcorpus.Core.Configuration", "Parcorpus.Core\Parcorpus.Core.Configuration\Parcorpus.Core.Configuration.csproj", "{93275531-9F95-4290-B959-6D2B2E491511}"
EndProject
Project("{FAE04EC0-301F-11D3-BF4B-00C04F79EFBC}") = "Parcorpus.API.Extensions", "Parcorpus.API\Parcorpus.API.Extensions\Parcorpus.API.Extensions.csproj", "{B688C3E6-9972-4114-85ED-FD503DA0256E}"
EndProject
Project("{FAE04EC0-301F-11D3-BF4B-00C04F79EFBC}") = "Parcorpus.Services.UserService", "Parcorpus.Services\Parcorpus.Services.UserService\Parcorpus.Services.UserService.csproj", "{F5A31C42-DEF7-490D-9D55-72021BAAA613}"
EndProject
Global
	GlobalSection(SolutionConfigurationPlatforms) = preSolution
		Debug|Any CPU = Debug|Any CPU
		Release|Any CPU = Release|Any CPU
	EndGlobalSection
	GlobalSection(ProjectConfigurationPlatforms) = postSolution
		{6EF4D583-6A59-416B-97D2-3F0EA0419EC6}.Debug|Any CPU.ActiveCfg = Debug|Any CPU
		{6EF4D583-6A59-416B-97D2-3F0EA0419EC6}.Debug|Any CPU.Build.0 = Debug|Any CPU
		{6EF4D583-6A59-416B-97D2-3F0EA0419EC6}.Release|Any CPU.ActiveCfg = Release|Any CPU
		{6EF4D583-6A59-416B-97D2-3F0EA0419EC6}.Release|Any CPU.Build.0 = Release|Any CPU
		{8980427F-40A6-4CE0-AE1C-FB95E32B3DFA}.Debug|Any CPU.ActiveCfg = Debug|Any CPU
		{8980427F-40A6-4CE0-AE1C-FB95E32B3DFA}.Debug|Any CPU.Build.0 = Debug|Any CPU
		{8980427F-40A6-4CE0-AE1C-FB95E32B3DFA}.Release|Any CPU.ActiveCfg = Release|Any CPU
		{8980427F-40A6-4CE0-AE1C-FB95E32B3DFA}.Release|Any CPU.Build.0 = Release|Any CPU
		{05BBEF92-BA04-4B2B-97A3-88B17F3C63CB}.Debug|Any CPU.ActiveCfg = Debug|Any CPU
		{05BBEF92-BA04-4B2B-97A3-88B17F3C63CB}.Debug|Any CPU.Build.0 = Debug|Any CPU
		{05BBEF92-BA04-4B2B-97A3-88B17F3C63CB}.Release|Any CPU.ActiveCfg = Release|Any CPU
		{05BBEF92-BA04-4B2B-97A3-88B17F3C63CB}.Release|Any CPU.Build.0 = Release|Any CPU
		{FC447925-6C8C-4DE1-B2F5-D6F2AF421166}.Debug|Any CPU.ActiveCfg = Debug|Any CPU
		{FC447925-6C8C-4DE1-B2F5-D6F2AF421166}.Debug|Any CPU.Build.0 = Debug|Any CPU
		{FC447925-6C8C-4DE1-B2F5-D6F2AF421166}.Release|Any CPU.ActiveCfg = Release|Any CPU
		{FC447925-6C8C-4DE1-B2F5-D6F2AF421166}.Release|Any CPU.Build.0 = Release|Any CPU
		{134409BE-99C2-4A55-9E9F-B84FD9BF1489}.Debug|Any CPU.ActiveCfg = Debug|Any CPU
		{134409BE-99C2-4A55-9E9F-B84FD9BF1489}.Debug|Any CPU.Build.0 = Debug|Any CPU
		{134409BE-99C2-4A55-9E9F-B84FD9BF1489}.Release|Any CPU.ActiveCfg = Release|Any CPU
		{134409BE-99C2-4A55-9E9F-B84FD9BF1489}.Release|Any CPU.Build.0 = Release|Any CPU
		{212E43C5-AE95-44AF-90B1-4CA1AB13CDFC}.Debug|Any CPU.ActiveCfg = Debug|Any CPU
		{212E43C5-AE95-44AF-90B1-4CA1AB13CDFC}.Debug|Any CPU.Build.0 = Debug|Any CPU
		{212E43C5-AE95-44AF-90B1-4CA1AB13CDFC}.Release|Any CPU.ActiveCfg = Release|Any CPU
		{212E43C5-AE95-44AF-90B1-4CA1AB13CDFC}.Release|Any CPU.Build.0 = Release|Any CPU
		{47D47BAF-AC0A-415D-AC80-5E2ACFCDA896}.Debug|Any CPU.ActiveCfg = Debug|Any CPU
		{47D47BAF-AC0A-415D-AC80-5E2ACFCDA896}.Debug|Any CPU.Build.0 = Debug|Any CPU
		{47D47BAF-AC0A-415D-AC80-5E2ACFCDA896}.Release|Any CPU.ActiveCfg = Release|Any CPU
		{47D47BAF-AC0A-415D-AC80-5E2ACFCDA896}.Release|Any CPU.Build.0 = Release|Any CPU
		{2CEBA0B3-EA6E-4BAA-AECF-BB33C0F2C16A}.Debug|Any CPU.ActiveCfg = Debug|Any CPU
		{2CEBA0B3-EA6E-4BAA-AECF-BB33C0F2C16A}.Debug|Any CPU.Build.0 = Debug|Any CPU
		{2CEBA0B3-EA6E-4BAA-AECF-BB33C0F2C16A}.Release|Any CPU.ActiveCfg = Release|Any CPU
		{2CEBA0B3-EA6E-4BAA-AECF-BB33C0F2C16A}.Release|Any CPU.Build.0 = Release|Any CPU
		{5F9DB884-914E-421D-B779-803734E439CC}.Debug|Any CPU.ActiveCfg = Debug|Any CPU
		{5F9DB884-914E-421D-B779-803734E439CC}.Debug|Any CPU.Build.0 = Debug|Any CPU
		{5F9DB884-914E-421D-B779-803734E439CC}.Release|Any CPU.ActiveCfg = Release|Any CPU
		{5F9DB884-914E-421D-B779-803734E439CC}.Release|Any CPU.Build.0 = Release|Any CPU
		{1F7A3857-D6EB-47C0-A5AC-B4C84DDD4F8B}.Debug|Any CPU.ActiveCfg = Debug|Any CPU
		{1F7A3857-D6EB-47C0-A5AC-B4C84DDD4F8B}.Debug|Any CPU.Build.0 = Debug|Any CPU
		{1F7A3857-D6EB-47C0-A5AC-B4C84DDD4F8B}.Release|Any CPU.ActiveCfg = Release|Any CPU
		{1F7A3857-D6EB-47C0-A5AC-B4C84DDD4F8B}.Release|Any CPU.Build.0 = Release|Any CPU
		{8E5C38C5-2F65-4746-B0FA-37D597D2524E}.Debug|Any CPU.ActiveCfg = Debug|Any CPU
		{8E5C38C5-2F65-4746-B0FA-37D597D2524E}.Debug|Any CPU.Build.0 = Debug|Any CPU
		{8E5C38C5-2F65-4746-B0FA-37D597D2524E}.Release|Any CPU.ActiveCfg = Release|Any CPU
		{8E5C38C5-2F65-4746-B0FA-37D597D2524E}.Release|Any CPU.Build.0 = Release|Any CPU
		{B5BEFC75-E02D-4EC1-97A5-CAF0A823ED25}.Debug|Any CPU.ActiveCfg = Debug|Any CPU
		{B5BEFC75-E02D-4EC1-97A5-CAF0A823ED25}.Debug|Any CPU.Build.0 = Debug|Any CPU
		{B5BEFC75-E02D-4EC1-97A5-CAF0A823ED25}.Release|Any CPU.ActiveCfg = Release|Any CPU
		{B5BEFC75-E02D-4EC1-97A5-CAF0A823ED25}.Release|Any CPU.Build.0 = Release|Any CPU
		{80290EF4-2A9D-4795-871A-323690D973AB}.Debug|Any CPU.ActiveCfg = Debug|Any CPU
		{80290EF4-2A9D-4795-871A-323690D973AB}.Debug|Any CPU.Build.0 = Debug|Any CPU
		{80290EF4-2A9D-4795-871A-323690D973AB}.Release|Any CPU.ActiveCfg = Release|Any CPU
		{80290EF4-2A9D-4795-871A-323690D973AB}.Release|Any CPU.Build.0 = Release|Any CPU
		{CA885BD9-ED89-4F71-9C82-83D59639CF3F}.Debug|Any CPU.ActiveCfg = Debug|Any CPU
		{CA885BD9-ED89-4F71-9C82-83D59639CF3F}.Debug|Any CPU.Build.0 = Debug|Any CPU
		{CA885BD9-ED89-4F71-9C82-83D59639CF3F}.Release|Any CPU.ActiveCfg = Release|Any CPU
		{CA885BD9-ED89-4F71-9C82-83D59639CF3F}.Release|Any CPU.Build.0 = Release|Any CPU
		{D27A7759-FAB9-4894-85DD-252964CAE798}.Debug|Any CPU.ActiveCfg = Debug|Any CPU
		{D27A7759-FAB9-4894-85DD-252964CAE798}.Debug|Any CPU.Build.0 = Debug|Any CPU
		{D27A7759-FAB9-4894-85DD-252964CAE798}.Release|Any CPU.ActiveCfg = Release|Any CPU
		{D27A7759-FAB9-4894-85DD-252964CAE798}.Release|Any CPU.Build.0 = Release|Any CPU
		{7AAADE86-F239-4CD0-AE41-EEB3A92685BA}.Debug|Any CPU.ActiveCfg = Debug|Any CPU
		{7AAADE86-F239-4CD0-AE41-EEB3A92685BA}.Debug|Any CPU.Build.0 = Debug|Any CPU
		{7AAADE86-F239-4CD0-AE41-EEB3A92685BA}.Release|Any CPU.ActiveCfg = Release|Any CPU
		{7AAADE86-F239-4CD0-AE41-EEB3A92685BA}.Release|Any CPU.Build.0 = Release|Any CPU
		{EA23E207-E1C6-42D3-959D-AE582F0141B5}.Debug|Any CPU.ActiveCfg = Debug|Any CPU
		{EA23E207-E1C6-42D3-959D-AE582F0141B5}.Debug|Any CPU.Build.0 = Debug|Any CPU
		{EA23E207-E1C6-42D3-959D-AE582F0141B5}.Release|Any CPU.ActiveCfg = Release|Any CPU
		{EA23E207-E1C6-42D3-959D-AE582F0141B5}.Release|Any CPU.Build.0 = Release|Any CPU
		{CF045872-FC78-4D7E-91BC-0C468FA69EA5}.Debug|Any CPU.ActiveCfg = Debug|Any CPU
		{CF045872-FC78-4D7E-91BC-0C468FA69EA5}.Debug|Any CPU.Build.0 = Debug|Any CPU
		{CF045872-FC78-4D7E-91BC-0C468FA69EA5}.Release|Any CPU.ActiveCfg = Release|Any CPU
		{CF045872-FC78-4D7E-91BC-0C468FA69EA5}.Release|Any CPU.Build.0 = Release|Any CPU
		{93275531-9F95-4290-B959-6D2B2E491511}.Debug|Any CPU.ActiveCfg = Debug|Any CPU
		{93275531-9F95-4290-B959-6D2B2E491511}.Debug|Any CPU.Build.0 = Debug|Any CPU
		{93275531-9F95-4290-B959-6D2B2E491511}.Release|Any CPU.ActiveCfg = Release|Any CPU
		{93275531-9F95-4290-B959-6D2B2E491511}.Release|Any CPU.Build.0 = Release|Any CPU
		{B688C3E6-9972-4114-85ED-FD503DA0256E}.Debug|Any CPU.ActiveCfg = Debug|Any CPU
		{B688C3E6-9972-4114-85ED-FD503DA0256E}.Debug|Any CPU.Build.0 = Debug|Any CPU
		{B688C3E6-9972-4114-85ED-FD503DA0256E}.Release|Any CPU.ActiveCfg = Release|Any CPU
		{B688C3E6-9972-4114-85ED-FD503DA0256E}.Release|Any CPU.Build.0 = Release|Any CPU
		{F5A31C42-DEF7-490D-9D55-72021BAAA613}.Debug|Any CPU.ActiveCfg = Debug|Any CPU
		{F5A31C42-DEF7-490D-9D55-72021BAAA613}.Debug|Any CPU.Build.0 = Debug|Any CPU
		{F5A31C42-DEF7-490D-9D55-72021BAAA613}.Release|Any CPU.ActiveCfg = Release|Any CPU
		{F5A31C42-DEF7-490D-9D55-72021BAAA613}.Release|Any CPU.Build.0 = Release|Any CPU
	EndGlobalSection
	GlobalSection(NestedProjects) = preSolution
		{6EF4D583-6A59-416B-97D2-3F0EA0419EC6} = {B55C1BC1-757C-40C6-906D-F18AE377A536}
		{8980427F-40A6-4CE0-AE1C-FB95E32B3DFA} = {B856FD07-000C-4790-A2DD-FB3F60817C33}
		{212E43C5-AE95-44AF-90B1-4CA1AB13CDFC} = {B7D32199-78A6-400A-B009-4081C71F09F1}
		{5F9DB884-914E-421D-B779-803734E439CC} = {D3AD3074-67F4-4D5A-9928-503F0A9A89B0}
		{47D47BAF-AC0A-415D-AC80-5E2ACFCDA896} = {D3AD3074-67F4-4D5A-9928-503F0A9A89B0}
		{2CEBA0B3-EA6E-4BAA-AECF-BB33C0F2C16A} = {D3AD3074-67F4-4D5A-9928-503F0A9A89B0}
		{05BBEF92-BA04-4B2B-97A3-88B17F3C63CB} = {B7D32199-78A6-400A-B009-4081C71F09F1}
		{FC447925-6C8C-4DE1-B2F5-D6F2AF421166} = {B7D32199-78A6-400A-B009-4081C71F09F1}
		{134409BE-99C2-4A55-9E9F-B84FD9BF1489} = {B55C1BC1-757C-40C6-906D-F18AE377A536}
		{1F7A3857-D6EB-47C0-A5AC-B4C84DDD4F8B} = {B55C1BC1-757C-40C6-906D-F18AE377A536}
		{8E5C38C5-2F65-4746-B0FA-37D597D2524E} = {43B3F0E8-CFF4-428A-8261-3EF132283D0D}
		{B5BEFC75-E02D-4EC1-97A5-CAF0A823ED25} = {B55C1BC1-757C-40C6-906D-F18AE377A536}
		{80290EF4-2A9D-4795-871A-323690D973AB} = {43B3F0E8-CFF4-428A-8261-3EF132283D0D}
		{CA885BD9-ED89-4F71-9C82-83D59639CF3F} = {43B3F0E8-CFF4-428A-8261-3EF132283D0D}
		{D27A7759-FAB9-4894-85DD-252964CAE798} = {B7D32199-78A6-400A-B009-4081C71F09F1}
		{7AAADE86-F239-4CD0-AE41-EEB3A92685BA} = {B856FD07-000C-4790-A2DD-FB3F60817C33}
		{EA23E207-E1C6-42D3-959D-AE582F0141B5} = {B856FD07-000C-4790-A2DD-FB3F60817C33}
		{CF045872-FC78-4D7E-91BC-0C468FA69EA5} = {B856FD07-000C-4790-A2DD-FB3F60817C33}
		{93275531-9F95-4290-B959-6D2B2E491511} = {43B3F0E8-CFF4-428A-8261-3EF132283D0D}
		{B688C3E6-9972-4114-85ED-FD503DA0256E} = {B55C1BC1-757C-40C6-906D-F18AE377A536}
		{F5A31C42-DEF7-490D-9D55-72021BAAA613} = {B7D32199-78A6-400A-B009-4081C71F09F1}
	EndGlobalSection
EndGlobal
